// !$*UTF8*$!
{
	archiveVersion = 1;
	classes = {
	};
	objectVersion = 46;
	objects = {

/* Begin PBXBuildFile section */
		BB47F6BA1D01319300AB0953 /* main.m in Sources */ = {isa = PBXBuildFile; fileRef = BB47F6B91D01319300AB0953 /* main.m */; };
		BB47F6BD1D01319300AB0953 /* AppDelegate.m in Sources */ = {isa = PBXBuildFile; fileRef = BB47F6BC1D01319300AB0953 /* AppDelegate.m */; };
		BB47F6C51D01319300AB0953 /* Assets.xcassets in Resources */ = {isa = PBXBuildFile; fileRef = BB47F6C41D01319300AB0953 /* Assets.xcassets */; };
		BB47F6C81D01319300AB0953 /* LaunchScreen.storyboard in Resources */ = {isa = PBXBuildFile; fileRef = BB47F6C61D01319300AB0953 /* LaunchScreen.storyboard */; };
		BB47F6EF1D01549A00AB0953 /* LLHomeTabbarViewController.m in Sources */ = {isa = PBXBuildFile; fileRef = BB47F6EC1D01549A00AB0953 /* LLHomeTabbarViewController.m */; };
		BB47F6F01D01549A00AB0953 /* FirstViewController.m in Sources */ = {isa = PBXBuildFile; fileRef = BB47F6EE1D01549A00AB0953 /* FirstViewController.m */; };
		CE006AC456221972410E7C66 /* libPods-LLQDemo.a in Frameworks */ = {isa = PBXBuildFile; fileRef = 1556BE0DBDC071D793143832 /* libPods-LLQDemo.a */; };
/* End PBXBuildFile section */

/* Begin PBXFileReference section */
		136AF83F26EC95BF481F4C0D /* Pods-LLQDemo.debug.xcconfig */ = {isa = PBXFileReference; includeInIndex = 1; lastKnownFileType = text.xcconfig; name = "Pods-LLQDemo.debug.xcconfig"; path = "Pods/Target Support Files/Pods-LLQDemo/Pods-LLQDemo.debug.xcconfig"; sourceTree = "<group>"; };
		1556BE0DBDC071D793143832 /* libPods-LLQDemo.a */ = {isa = PBXFileReference; explicitFileType = archive.ar; includeInIndex = 0; path = "libPods-LLQDemo.a"; sourceTree = BUILT_PRODUCTS_DIR; };
		75C4639CD62954D15662E99D /* Pods-LLQDemo.release.xcconfig */ = {isa = PBXFileReference; includeInIndex = 1; lastKnownFileType = text.xcconfig; name = "Pods-LLQDemo.release.xcconfig"; path = "Pods/Target Support Files/Pods-LLQDemo/Pods-LLQDemo.release.xcconfig"; sourceTree = "<group>"; };
		BB47F6B51D01319300AB0953 /* LLQDemo.app */ = {isa = PBXFileReference; explicitFileType = wrapper.application; includeInIndex = 0; path = LLQDemo.app; sourceTree = BUILT_PRODUCTS_DIR; };
		BB47F6B91D01319300AB0953 /* main.m */ = {isa = PBXFileReference; lastKnownFileType = sourcecode.c.objc; path = main.m; sourceTree = "<group>"; };
		BB47F6BB1D01319300AB0953 /* AppDelegate.h */ = {isa = PBXFileReference; lastKnownFileType = sourcecode.c.h; path = AppDelegate.h; sourceTree = "<group>"; };
		BB47F6BC1D01319300AB0953 /* AppDelegate.m */ = {isa = PBXFileReference; lastKnownFileType = sourcecode.c.objc; path = AppDelegate.m; sourceTree = "<group>"; };
		BB47F6C41D01319300AB0953 /* Assets.xcassets */ = {isa = PBXFileReference; lastKnownFileType = folder.assetcatalog; path = Assets.xcassets; sourceTree = "<group>"; };
		BB47F6C71D01319300AB0953 /* Base */ = {isa = PBXFileReference; lastKnownFileType = file.storyboard; name = Base; path = Base.lproj/LaunchScreen.storyboard; sourceTree = "<group>"; };
		BB47F6C91D01319300AB0953 /* Info.plist */ = {isa = PBXFileReference; lastKnownFileType = text.plist.xml; path = Info.plist; sourceTree = "<group>"; };
		BB47F6EB1D01549A00AB0953 /* LLHomeTabbarViewController.h */ = {isa = PBXFileReference; fileEncoding = 4; lastKnownFileType = sourcecode.c.h; path = LLHomeTabbarViewController.h; sourceTree = "<group>"; };
		BB47F6EC1D01549A00AB0953 /* LLHomeTabbarViewController.m */ = {isa = PBXFileReference; fileEncoding = 4; lastKnownFileType = sourcecode.c.objc; path = LLHomeTabbarViewController.m; sourceTree = "<group>"; };
		BB47F6ED1D01549A00AB0953 /* FirstViewController.h */ = {isa = PBXFileReference; fileEncoding = 4; lastKnownFileType = sourcecode.c.h; path = FirstViewController.h; sourceTree = "<group>"; };
		BB47F6EE1D01549A00AB0953 /* FirstViewController.m */ = {isa = PBXFileReference; fileEncoding = 4; lastKnownFileType = sourcecode.c.objc; path = FirstViewController.m; sourceTree = "<group>"; };
/* End PBXFileReference section */

/* Begin PBXFrameworksBuildPhase section */
		BB47F6B21D01319300AB0953 /* Frameworks */ = {
			isa = PBXFrameworksBuildPhase;
			buildActionMask = 2147483647;
			files = (
				CE006AC456221972410E7C66 /* libPods-LLQDemo.a in Frameworks */,
			);
			runOnlyForDeploymentPostprocessing = 0;
		};
/* End PBXFrameworksBuildPhase section */

/* Begin PBXGroup section */
		0D9E56E52C08A5EB20451488 /* Frameworks */ = {
			isa = PBXGroup;
			children = (
				1556BE0DBDC071D793143832 /* libPods-LLQDemo.a */,
			);
			name = Frameworks;
			sourceTree = "<group>";
		};
		5330388CDBDB62F4515E9F78 /* Pods */ = {
			isa = PBXGroup;
			children = (
				136AF83F26EC95BF481F4C0D /* Pods-LLQDemo.debug.xcconfig */,
				75C4639CD62954D15662E99D /* Pods-LLQDemo.release.xcconfig */,
			);
			name = Pods;
			sourceTree = "<group>";
		};
		BB47F6AC1D01319300AB0953 = {
			isa = PBXGroup;
			children = (
				BB47F6B71D01319300AB0953 /* LLQDemo */,
				BB47F6B61D01319300AB0953 /* Products */,
				5330388CDBDB62F4515E9F78 /* Pods */,
				0D9E56E52C08A5EB20451488 /* Frameworks */,
			);
			sourceTree = "<group>";
		};
		BB47F6B61D01319300AB0953 /* Products */ = {
			isa = PBXGroup;
			children = (
				BB47F6B51D01319300AB0953 /* LLQDemo.app */,
			);
			name = Products;
			sourceTree = "<group>";
		};
		BB47F6B71D01319300AB0953 /* LLQDemo */ = {
			isa = PBXGroup;
			children = (
				BB47F6BB1D01319300AB0953 /* AppDelegate.h */,
				BB47F6BC1D01319300AB0953 /* AppDelegate.m */,
				BB47F6EB1D01549A00AB0953 /* LLHomeTabbarViewController.h */,
				BB47F6EC1D01549A00AB0953 /* LLHomeTabbarViewController.m */,
				BB47F6ED1D01549A00AB0953 /* FirstViewController.h */,
				BB47F6EE1D01549A00AB0953 /* FirstViewController.m */,
				BB47F6C41D01319300AB0953 /* Assets.xcassets */,
				BB47F6C61D01319300AB0953 /* LaunchScreen.storyboard */,
				BB47F6C91D01319300AB0953 /* Info.plist */,
				BB47F6B81D01319300AB0953 /* Supporting Files */,
			);
			path = LLQDemo;
			sourceTree = "<group>";
		};
		BB47F6B81D01319300AB0953 /* Supporting Files */ = {
			isa = PBXGroup;
			children = (
				BB47F6B91D01319300AB0953 /* main.m */,
			);
			name = "Supporting Files";
			sourceTree = "<group>";
		};
/* End PBXGroup section */

/* Begin PBXNativeTarget section */
		BB47F6B41D01319300AB0953 /* LLQDemo */ = {
			isa = PBXNativeTarget;
			buildConfigurationList = BB47F6E21D01319300AB0953 /* Build configuration list for PBXNativeTarget "LLQDemo" */;
			buildPhases = (
				499941705D588656CE74EFA6 /* [CP] Check Pods Manifest.lock */,
				BB47F6B11D01319300AB0953 /* Sources */,
				BB47F6B21D01319300AB0953 /* Frameworks */,
				BB47F6B31D01319300AB0953 /* Resources */,
				49FADB8219998FDF7F3ADFC3 /* [CP] Embed Pods Frameworks */,
				3C5988BB1A46EBAC1FB7F24B /* [CP] Copy Pods Resources */,
			);
			buildRules = (
			);
			dependencies = (
			);
			name = LLQDemo;
			productName = LLQDemo;
			productReference = BB47F6B51D01319300AB0953 /* LLQDemo.app */;
			productType = "com.apple.product-type.application";
		};
/* End PBXNativeTarget section */

/* Begin PBXProject section */
		BB47F6AD1D01319300AB0953 /* Project object */ = {
			isa = PBXProject;
			attributes = {
				LastUpgradeCheck = 0730;
				ORGANIZATIONNAME = lulian;
				TargetAttributes = {
					BB47F6B41D01319300AB0953 = {
						CreatedOnToolsVersion = 7.3.1;
					};
				};
			};
			buildConfigurationList = BB47F6B01D01319300AB0953 /* Build configuration list for PBXProject "LLQDemo" */;
			compatibilityVersion = "Xcode 3.2";
			developmentRegion = English;
			hasScannedForEncodings = 0;
			knownRegions = (
				en,
				Base,
			);
			mainGroup = BB47F6AC1D01319300AB0953;
			productRefGroup = BB47F6B61D01319300AB0953 /* Products */;
			projectDirPath = "";
			projectRoot = "";
			targets = (
				BB47F6B41D01319300AB0953 /* LLQDemo */,
			);
		};
/* End PBXProject section */

/* Begin PBXResourcesBuildPhase section */
		BB47F6B31D01319300AB0953 /* Resources */ = {
			isa = PBXResourcesBuildPhase;
			buildActionMask = 2147483647;
			files = (
				BB47F6C81D01319300AB0953 /* LaunchScreen.storyboard in Resources */,
				BB47F6C51D01319300AB0953 /* Assets.xcassets in Resources */,
			);
			runOnlyForDeploymentPostprocessing = 0;
		};
/* End PBXResourcesBuildPhase section */

/* Begin PBXShellScriptBuildPhase section */
		3C5988BB1A46EBAC1FB7F24B /* [CP] Copy Pods Resources */ = {
			isa = PBXShellScriptBuildPhase;
			buildActionMask = 2147483647;
			files = (
			);
			inputPaths = (
			);
			name = "[CP] Copy Pods Resources";
			outputPaths = (
			);
			runOnlyForDeploymentPostprocessing = 0;
			shellPath = /bin/sh;
			shellScript = "\"${SRCROOT}/Pods/Target Support Files/Pods-LLQDemo/Pods-LLQDemo-resources.sh\"\n";
			showEnvVarsInLog = 0;
		};
		499941705D588656CE74EFA6 /* [CP] Check Pods Manifest.lock */ = {
			isa = PBXShellScriptBuildPhase;
			buildActionMask = 2147483647;
			files = (
			);
			inputPaths = (
			);
			name = "[CP] Check Pods Manifest.lock";
			outputPaths = (
			);
			runOnlyForDeploymentPostprocessing = 0;
			shellPath = /bin/sh;
			shellScript = "diff \"${PODS_ROOT}/../Podfile.lock\" \"${PODS_ROOT}/Manifest.lock\" > /dev/null\nif [[ $? != 0 ]] ; then\n    cat << EOM\nerror: The sandbox is not in sync with the Podfile.lock. Run 'pod install' or update your CocoaPods installation.\nEOM\n    exit 1\nfi\n";
			showEnvVarsInLog = 0;
		};
		49FADB8219998FDF7F3ADFC3 /* [CP] Embed Pods Frameworks */ = {
			isa = PBXShellScriptBuildPhase;
			buildActionMask = 2147483647;
			files = (
			);
			inputPaths = (
			);
			name = "[CP] Embed Pods Frameworks";
			outputPaths = (
			);
			runOnlyForDeploymentPostprocessing = 0;
			shellPath = /bin/sh;
			shellScript = "\"${SRCROOT}/Pods/Target Support Files/Pods-LLQDemo/Pods-LLQDemo-frameworks.sh\"\n";
			showEnvVarsInLog = 0;
		};
/* End PBXShellScriptBuildPhase section */

/* Begin PBXSourcesBuildPhase section */
		BB47F6B11D01319300AB0953 /* Sources */ = {
			isa = PBXSourcesBuildPhase;
			buildActionMask = 2147483647;
			files = (
				BB47F6EF1D01549A00AB0953 /* LLHomeTabbarViewController.m in Sources */,
				BB47F6BD1D01319300AB0953 /* AppDelegate.m in Sources */,
				BB47F6BA1D01319300AB0953 /* main.m in Sources */,
				BB47F6F01D01549A00AB0953 /* FirstViewController.m in Sources */,
			);
			runOnlyForDeploymentPostprocessing = 0;
		};
/* End PBXSourcesBuildPhase section */

/* Begin PBXVariantGroup section */
		BB47F6C61D01319300AB0953 /* LaunchScreen.storyboard */ = {
			isa = PBXVariantGroup;
			children = (
				BB47F6C71D01319300AB0953 /* Base */,
			);
			name = LaunchScreen.storyboard;
			sourceTree = "<group>";
		};
/* End PBXVariantGroup section */

/* Begin XCBuildConfiguration section */
		BB47F6E01D01319300AB0953 /* Debug */ = {
			isa = XCBuildConfiguration;
			buildSettings = {
				ALWAYS_SEARCH_USER_PATHS = NO;
				CLANG_ANALYZER_NONNULL = YES;
				CLANG_CXX_LANGUAGE_STANDARD = "gnu++0x";
				CLANG_CXX_LIBRARY = "libc++";
				CLANG_ENABLE_MODULES = YES;
				CLANG_ENABLE_OBJC_ARC = YES;
				CLANG_WARN_BOOL_CONVERSION = YES;
				CLANG_WARN_CONSTANT_CONVERSION = YES;
				CLANG_WARN_DIRECT_OBJC_ISA_USAGE = YES_ERROR;
				CLANG_WARN_EMPTY_BODY = YES;
				CLANG_WARN_ENUM_CONVERSION = YES;
				CLANG_WARN_INT_CONVERSION = YES;
				CLANG_WARN_OBJC_ROOT_CLASS = YES_ERROR;
				CLANG_WARN_UNREACHABLE_CODE = YES;
				CLANG_WARN__DUPLICATE_METHOD_MATCH = YES;
				"CODE_SIGN_IDENTITY[sdk=iphoneos*]" = "iPhone Developer";
				COPY_PHASE_STRIP = NO;
				DEBUG_INFORMATION_FORMAT = dwarf;
				ENABLE_STRICT_OBJC_MSGSEND = YES;
				ENABLE_TESTABILITY = YES;
				GCC_C_LANGUAGE_STANDARD = gnu99;
				GCC_DYNAMIC_NO_PIC = NO;
				GCC_NO_COMMON_BLOCKS = YES;
				GCC_OPTIMIZATION_LEVEL = 0;
				GCC_PREPROCESSOR_DEFINITIONS = (
					"DEBUG=1",
					"$(inherited)",
				);
				GCC_WARN_64_TO_32_BIT_CONVERSION = YES;
				GCC_WARN_ABOUT_RETURN_TYPE = YES_ERROR;
				GCC_WARN_UNDECLARED_SELECTOR = YES;
				GCC_WARN_UNINITIALIZED_AUTOS = YES_AGGRESSIVE;
				GCC_WARN_UNUSED_FUNCTION = YES;
				GCC_WARN_UNUSED_VARIABLE = YES;
				IPHONEOS_DEPLOYMENT_TARGET = 9.3;
				MTL_ENABLE_DEBUG_INFO = YES;
				ONLY_ACTIVE_ARCH = YES;
				SDKROOT = iphoneos;
			};
			name = Debug;
		};
		BB47F6E11D01319300AB0953 /* Release */ = {
			isa = XCBuildConfiguration;
			buildSettings = {
				ALWAYS_SEARCH_USER_PATHS = NO;
				CLANG_ANALYZER_NONNULL = YES;
				CLANG_CXX_LANGUAGE_STANDARD = "gnu++0x";
				CLANG_CXX_LIBRARY = "libc++";
				CLANG_ENABLE_MODULES = YES;
				CLANG_ENABLE_OBJC_ARC = YES;
				CLANG_WARN_BOOL_CONVERSION = YES;
				CLANG_WARN_CONSTANT_CONVERSION = YES;
				CLANG_WARN_DIRECT_OBJC_ISA_USAGE = YES_ERROR;
				CLANG_WARN_EMPTY_BODY = YES;
				CLANG_WARN_ENUM_CONVERSION = YES;
				CLANG_WARN_INT_CONVERSION = YES;
				CLANG_WARN_OBJC_ROOT_CLASS = YES_ERROR;
				CLANG_WARN_UNREACHABLE_CODE = YES;
				CLANG_WARN__DUPLICATE_METHOD_MATCH = YES;
				"CODE_SIGN_IDENTITY[sdk=iphoneos*]" = "iPhone Developer";
				COPY_PHASE_STRIP = NO;
				DEBUG_INFORMATION_FORMAT = "dwarf-with-dsym";
				ENABLE_NS_ASSERTIONS = NO;
				ENABLE_STRICT_OBJC_MSGSEND = YES;
				GCC_C_LANGUAGE_STANDARD = gnu99;
				GCC_NO_COMMON_BLOCKS = YES;
				GCC_WARN_64_TO_32_BIT_CONVERSION = YES;
				GCC_WARN_ABOUT_RETURN_TYPE = YES_ERROR;
				GCC_WARN_UNDECLARED_SELECTOR = YES;
				GCC_WARN_UNINITIALIZED_AUTOS = YES_AGGRESSIVE;
				GCC_WARN_UNUSED_FUNCTION = YES;
				GCC_WARN_UNUSED_VARIABLE = YES;
				IPHONEOS_DEPLOYMENT_TARGET = 9.3;
				MTL_ENABLE_DEBUG_INFO = NO;
				SDKROOT = iphoneos;
				VALIDATE_PRODUCT = YES;
			};
			name = Release;
		};
		BB47F6E31D01319300AB0953 /* Debug */ = {
			isa = XCBuildConfiguration;
			baseConfigurationReference = 136AF83F26EC95BF481F4C0D /* Pods-LLQDemo.debug.xcconfig */;
			buildSettings = {
				ASSETCATALOG_COMPILER_APPICON_NAME = AppIcon;
				INFOPLIST_FILE = LLQDemo/Info.plist;
				LD_RUNPATH_SEARCH_PATHS = "$(inherited) @executable_path/Frameworks";
				PRODUCT_BUNDLE_IDENTIFIER = lulian123.LLQDemo;
				PRODUCT_NAME = "$(TARGET_NAME)";
			};
			name = Debug;
		};
		BB47F6E41D01319300AB0953 /* Release */ = {
			isa = XCBuildConfiguration;
			baseConfigurationReference = 75C4639CD62954D15662E99D /* Pods-LLQDemo.release.xcconfig */;
			buildSettings = {
				ASSETCATALOG_COMPILER_APPICON_NAME = AppIcon;
				INFOPLIST_FILE = LLQDemo/Info.plist;
				LD_RUNPATH_SEARCH_PATHS = "$(inherited) @executable_path/Frameworks";
				PRODUCT_BUNDLE_IDENTIFIER = lulian123.LLQDemo;
				PRODUCT_NAME = "$(TARGET_NAME)";
			};
			name = Release;
		};
/* End XCBuildConfiguration section */

/* Begin XCConfigurationList section */
		BB47F6B01D01319300AB0953 /* Build configuration list for PBXProject "LLQDemo" */ = {
			isa = XCConfigurationList;
			buildConfigurations = (
				BB47F6E01D01319300AB0953 /* Debug */,
				BB47F6E11D01319300AB0953 /* Release */,
			);
			defaultConfigurationIsVisible = 0;
			defaultConfigurationName = Release;
		};
		BB47F6E21D01319300AB0953 /* Build configuration list for PBXNativeTarget "LLQDemo" */ = {
			isa = XCConfigurationList;
			buildConfigurations = (
				BB47F6E31D01319300AB0953 /* Debug */,
				BB47F6E41D01319300AB0953 /* Release */,
			);
			defaultConfigurationIsVisible = 0;
			defaultConfigurationName = Release;
		};
/* End XCConfigurationList section */
	};
	rootObject = BB47F6AD1D01319300AB0953 /* Project object */;
}
